
Microsoft Visual Studio Solution File, Format Version 12.00
# Visual Studio Version 16
VisualStudioVersion = 16.0.30611.23
MinimumVisualStudioVersion = 10.0.40219.1
Project("{FAE04EC0-301F-11D3-BF4B-00C04F79EFBC}") = "DysonOrbitModifier", "DysonOrbitModifier\DysonOrbitModifier.csproj", "{8BC843E7-F406-4170-8D07-55BE46B0FD01}"
EndProject
Project("{FAE04EC0-301F-11D3-BF4B-00C04F79EFBC}") = "SphereEditorTools", "SphereEditorTools\SphereEditorTools.csproj", "{5C6F6FB6-A5C8-40BE-B244-861F8232ABF0}"
EndProject
Project("{FAE04EC0-301F-11D3-BF4B-00C04F79EFBC}") = "NoMilestone", "NoMilestone\NoMilestone.csproj", "{8FCE1FD9-FD71-4FCA-8E66-05E578E718F5}"
EndProject
Project("{FAE04EC0-301F-11D3-BF4B-00C04F79EFBC}") = "BulletTime", "BulletTime\BulletTime.csproj", "{4813207F-CA55-4857-9EDE-B1C9D2A90373}"
EndProject
Project("{FAE04EC0-301F-11D3-BF4B-00C04F79EFBC}") = "ReorderTechQueue", "ReorderTechQueue\ReorderTechQueue.csproj", "{20BDE779-7D7B-4372-ABC0-29162F9145FB}"
EndProject
Project("{FAE04EC0-301F-11D3-BF4B-00C04F79EFBC}") = "MimicSimulation", "MimicSimulation\MimicSimulation.csproj", "{81ABB0FD-FDA6-4540-BE7C-FC097CD16B18}"
EndProject
Project("{FAE04EC0-301F-11D3-BF4B-00C04F79EFBC}") = "Experiment", "Experiment\Experiment.csproj", "{E380E4D6-C5B5-4A68-9FAD-16D2E1C7916E}"
EndProject
Global
	GlobalSection(SolutionConfigurationPlatforms) = preSolution
		Debug|Any CPU = Debug|Any CPU
		Release|Any CPU = Release|Any CPU
	EndGlobalSection
	GlobalSection(ProjectConfigurationPlatforms) = postSolution
		{8BC843E7-F406-4170-8D07-55BE46B0FD01}.Debug|Any CPU.ActiveCfg = Debug|Any CPU
		{8BC843E7-F406-4170-8D07-55BE46B0FD01}.Debug|Any CPU.Build.0 = Debug|Any CPU
		{8BC843E7-F406-4170-8D07-55BE46B0FD01}.Release|Any CPU.ActiveCfg = Release|Any CPU
		{8BC843E7-F406-4170-8D07-55BE46B0FD01}.Release|Any CPU.Build.0 = Release|Any CPU
		{5C6F6FB6-A5C8-40BE-B244-861F8232ABF0}.Debug|Any CPU.ActiveCfg = Debug|Any CPU
		{5C6F6FB6-A5C8-40BE-B244-861F8232ABF0}.Debug|Any CPU.Build.0 = Debug|Any CPU
		{5C6F6FB6-A5C8-40BE-B244-861F8232ABF0}.Release|Any CPU.ActiveCfg = Release|Any CPU
		{5C6F6FB6-A5C8-40BE-B244-861F8232ABF0}.Release|Any CPU.Build.0 = Release|Any CPU
		{8FCE1FD9-FD71-4FCA-8E66-05E578E718F5}.Debug|Any CPU.ActiveCfg = Debug|Any CPU
		{8FCE1FD9-FD71-4FCA-8E66-05E578E718F5}.Debug|Any CPU.Build.0 = Debug|Any CPU
		{8FCE1FD9-FD71-4FCA-8E66-05E578E718F5}.Release|Any CPU.ActiveCfg = Release|Any CPU
		{8FCE1FD9-FD71-4FCA-8E66-05E578E718F5}.Release|Any CPU.Build.0 = Release|Any CPU
		{4813207F-CA55-4857-9EDE-B1C9D2A90373}.Debug|Any CPU.ActiveCfg = Debug|Any CPU
		{4813207F-CA55-4857-9EDE-B1C9D2A90373}.Debug|Any CPU.Build.0 = Debug|Any CPU
		{4813207F-CA55-4857-9EDE-B1C9D2A90373}.Release|Any CPU.ActiveCfg = Release|Any CPU
		{4813207F-CA55-4857-9EDE-B1C9D2A90373}.Release|Any CPU.Build.0 = Release|Any CPU
		{20BDE779-7D7B-4372-ABC0-29162F9145FB}.Debug|Any CPU.ActiveCfg = Debug|Any CPU
		{20BDE779-7D7B-4372-ABC0-29162F9145FB}.Debug|Any CPU.Build.0 = Debug|Any CPU
		{20BDE779-7D7B-4372-ABC0-29162F9145FB}.Release|Any CPU.ActiveCfg = Release|Any CPU
		{20BDE779-7D7B-4372-ABC0-29162F9145FB}.Release|Any CPU.Build.0 = Release|Any CPU
		{81ABB0FD-FDA6-4540-BE7C-FC097CD16B18}.Debug|Any CPU.ActiveCfg = Debug|Any CPU
		{81ABB0FD-FDA6-4540-BE7C-FC097CD16B18}.Debug|Any CPU.Build.0 = Debug|Any CPU
		{81ABB0FD-FDA6-4540-BE7C-FC097CD16B18}.Release|Any CPU.ActiveCfg = Release|Any CPU
		{81ABB0FD-FDA6-4540-BE7C-FC097CD16B18}.Release|Any CPU.Build.0 = Release|Any CPU
		{E380E4D6-C5B5-4A68-9FAD-16D2E1C7916E}.Debug|Any CPU.ActiveCfg = Debug|Any CPU
		{E380E4D6-C5B5-4A68-9FAD-16D2E1C7916E}.Debug|Any CPU.Build.0 = Debug|Any CPU
		{E380E4D6-C5B5-4A68-9FAD-16D2E1C7916E}.Release|Any CPU.ActiveCfg = Release|Any CPU
		{E380E4D6-C5B5-4A68-9FAD-16D2E1C7916E}.Release|Any CPU.Build.0 = Release|Any CPU
	EndGlobalSection
	GlobalSection(SolutionProperties) = preSolution
		HideSolutionNode = FALSE
	EndGlobalSection
	GlobalSection(ExtensibilityGlobals) = postSolution
		SolutionGuid = {3F736FB2-6083-4B67-9413-2D104C919DAB}
	EndGlobalSection
EndGlobal
